
Microsoft Visual Studio Solution File, Format Version 12.00
# Visual Studio Version 16
VisualStudioVersion = 16.0.31729.503
MinimumVisualStudioVersion = 10.0.40219.1
Project("{FAE04EC0-301F-11D3-BF4B-00C04F79EFBC}") = "LikeSwimmingDucks", "LikeSwimmingDucks.csproj", "{87D4982F-9E8E-46B0-9507-18A77596D8C4}"
EndProject
Global
	GlobalSection(SolutionConfigurationPlatforms) = preSolution
		Debug|Any CPU = Debug|Any CPU
		Release|Any CPU = Release|Any CPU
	EndGlobalSection
	GlobalSection(ProjectConfigurationPlatforms) = postSolution
		{87D4982F-9E8E-46B0-9507-18A77596D8C4}.Debug|Any CPU.ActiveCfg = Debug|Any CPU
		{87D4982F-9E8E-46B0-9507-18A77596D8C4}.Debug|Any CPU.Build.0 = Debug|Any CPU
		{87D4982F-9E8E-46B0-9507-18A77596D8C4}.Release|Any CPU.ActiveCfg = Release|Any CPU
		{87D4982F-9E8E-46B0-9507-18A77596D8C4}.Release|Any CPU.Build.0 = Release|Any CPU
	EndGlobalSection
	GlobalSection(SolutionProperties) = preSolution
		HideSolutionNode = FALSE
	EndGlobalSection
	GlobalSection(ExtensibilityGlobals) = postSolution
		SolutionGuid = {BF38DF25-49CB-4A03-B3C0-0B214487A759}
	EndGlobalSection
EndGlobal
